
Microsoft Visual Studio Solution File, Format Version 12.00
# Visual Studio Version 17
VisualStudioVersion = 17.9.34728.123
MinimumVisualStudioVersion = 10.0.40219.1
Project("{FAE04EC0-301F-11D3-BF4B-00C04F79EFBC}") = "APPractice.Domain", "APPractice.Domain\APPractice.Domain.csproj", "{E6716404-0F8D-469D-AE79-7D59A1CDBE8A}"
EndProject
Global
	GlobalSection(SolutionConfigurationPlatforms) = preSolution
		Debug|Any CPU = Debug|Any CPU
		Release|Any CPU = Release|Any CPU
	EndGlobalSection
	GlobalSection(ProjectConfigurationPlatforms) = postSolution
		{E6716404-0F8D-469D-AE79-7D59A1CDBE8A}.Debug|Any CPU.ActiveCfg = Debug|Any CPU
		{E6716404-0F8D-469D-AE79-7D59A1CDBE8A}.Debug|Any CPU.Build.0 = Debug|Any CPU
		{E6716404-0F8D-469D-AE79-7D59A1CDBE8A}.Release|Any CPU.ActiveCfg = Release|Any CPU
		{E6716404-0F8D-469D-AE79-7D59A1CDBE8A}.Release|Any CPU.Build.0 = Release|Any CPU
	EndGlobalSection
	GlobalSection(SolutionProperties) = preSolution
		HideSolutionNode = FALSE
	EndGlobalSection
	GlobalSection(ExtensibilityGlobals) = postSolution
		SolutionGuid = {EFFD636C-57EF-4CAF-BE37-135208893DBA}
	EndGlobalSection
EndGlobal
